// !$*UTF8*$!
{
	archiveVersion = 1;
	classes = {
	};
	objectVersion = 56;
	objects = {

/* Begin PBXBuildFile section */
		970528212B2AFD7C0068AE18 /* SoftoriumTestApp.swift in Sources */ = {isa = PBXBuildFile; fileRef = 970528202B2AFD7C0068AE18 /* SoftoriumTestApp.swift */; };
		970528232B2AFD7C0068AE18 /* ContentView.swift in Sources */ = {isa = PBXBuildFile; fileRef = 970528222B2AFD7C0068AE18 /* ContentView.swift */; };
		970528252B2AFD7E0068AE18 /* Assets.xcassets in Resources */ = {isa = PBXBuildFile; fileRef = 970528242B2AFD7E0068AE18 /* Assets.xcassets */; };
		970528282B2AFD7E0068AE18 /* Preview Assets.xcassets in Resources */ = {isa = PBXBuildFile; fileRef = 970528272B2AFD7E0068AE18 /* Preview Assets.xcassets */; };
		970528312B2AFEAD0068AE18 /* LoaderView.swift in Sources */ = {isa = PBXBuildFile; fileRef = 970528302B2AFEAD0068AE18 /* LoaderView.swift */; };
		970528342B2B05FD0068AE18 /* ProgressBar.swift in Sources */ = {isa = PBXBuildFile; fileRef = 970528332B2B05FD0068AE18 /* ProgressBar.swift */; };
		970528372B2B083E0068AE18 /* Color+extension.swift in Sources */ = {isa = PBXBuildFile; fileRef = 970528362B2B083E0068AE18 /* Color+extension.swift */; };
		970528452B2B0AD50068AE18 /* Inter-Light.ttf in Resources */ = {isa = PBXBuildFile; fileRef = 9705283C2B2B0AD40068AE18 /* Inter-Light.ttf */; };
		970528462B2B0AD50068AE18 /* Inter-Bold.ttf in Resources */ = {isa = PBXBuildFile; fileRef = 9705283D2B2B0AD40068AE18 /* Inter-Bold.ttf */; };
		970528472B2B0AD50068AE18 /* Inter-Black.ttf in Resources */ = {isa = PBXBuildFile; fileRef = 9705283E2B2B0AD40068AE18 /* Inter-Black.ttf */; };
		970528482B2B0AD50068AE18 /* Inter-Thin.ttf in Resources */ = {isa = PBXBuildFile; fileRef = 9705283F2B2B0AD40068AE18 /* Inter-Thin.ttf */; };
		970528492B2B0AD50068AE18 /* Inter-Regular.ttf in Resources */ = {isa = PBXBuildFile; fileRef = 970528402B2B0AD40068AE18 /* Inter-Regular.ttf */; };
		9705284A2B2B0AD50068AE18 /* Inter-SemiBold.ttf in Resources */ = {isa = PBXBuildFile; fileRef = 970528412B2B0AD40068AE18 /* Inter-SemiBold.ttf */; };
		9705284B2B2B0AD50068AE18 /* Inter-ExtraBold.ttf in Resources */ = {isa = PBXBuildFile; fileRef = 970528422B2B0AD50068AE18 /* Inter-ExtraBold.ttf */; };
		9705284C2B2B0AD50068AE18 /* Inter-ExtraLight.ttf in Resources */ = {isa = PBXBuildFile; fileRef = 970528432B2B0AD50068AE18 /* Inter-ExtraLight.ttf */; };
		9705284D2B2B0AD50068AE18 /* Inter-Medium.ttf in Resources */ = {isa = PBXBuildFile; fileRef = 970528442B2B0AD50068AE18 /* Inter-Medium.ttf */; };
		9705284F2B2B0B840068AE18 /* Font+extension.swift in Sources */ = {isa = PBXBuildFile; fileRef = 9705284E2B2B0B840068AE18 /* Font+extension.swift */; };
		970528542B2B0D880068AE18 /* TradeView.swift in Sources */ = {isa = PBXBuildFile; fileRef = 970528532B2B0D880068AE18 /* TradeView.swift */; };
		970528572B2B0D970068AE18 /* TopView.swift in Sources */ = {isa = PBXBuildFile; fileRef = 970528562B2B0D970068AE18 /* TopView.swift */; };
		970528592B2B0EEE0068AE18 /* TopViewViewModel.swift in Sources */ = {isa = PBXBuildFile; fileRef = 970528582B2B0EEE0068AE18 /* TopViewViewModel.swift */; };
		9705285C2B2B227F0068AE18 /* WebView.swift in Sources */ = {isa = PBXBuildFile; fileRef = 9705285B2B2B227F0068AE18 /* WebView.swift */; };
		9705285E2B2B22890068AE18 /* WebViewController.swift in Sources */ = {isa = PBXBuildFile; fileRef = 9705285D2B2B22890068AE18 /* WebViewController.swift */; };
		970528602B2B242C0068AE18 /* View+extension.swift in Sources */ = {isa = PBXBuildFile; fileRef = 9705285F2B2B242C0068AE18 /* View+extension.swift */; };
		970528622B2B26540068AE18 /* TradeViewViewModel.swift in Sources */ = {isa = PBXBuildFile; fileRef = 970528612B2B26540068AE18 /* TradeViewViewModel.swift */; };
		970528642B2B27B90068AE18 /* TradeButtonStack.swift in Sources */ = {isa = PBXBuildFile; fileRef = 970528632B2B27B90068AE18 /* TradeButtonStack.swift */; };
		970528662B2B29310068AE18 /* TimerButton.swift in Sources */ = {isa = PBXBuildFile; fileRef = 970528652B2B29310068AE18 /* TimerButton.swift */; };
		975A4BBD2B2B33680090DD68 /* InvestmentButton.swift in Sources */ = {isa = PBXBuildFile; fileRef = 975A4BBC2B2B33680090DD68 /* InvestmentButton.swift */; };
		975A4BBF2B2B368F0090DD68 /* BuySellButton.swift in Sources */ = {isa = PBXBuildFile; fileRef = 975A4BBE2B2B368F0090DD68 /* BuySellButton.swift */; };
		975A4BC12B2B38990090DD68 /* CurrencyView.swift in Sources */ = {isa = PBXBuildFile; fileRef = 975A4BC02B2B38990090DD68 /* CurrencyView.swift */; };
		975A4BC42B2B3C5E0090DD68 /* CurrencyViewViewModel.swift in Sources */ = {isa = PBXBuildFile; fileRef = 975A4BC32B2B3C5E0090DD68 /* CurrencyViewViewModel.swift */; };
		975A4BC72B2B4A0D0090DD68 /* CurrencyModel.swift in Sources */ = {isa = PBXBuildFile; fileRef = 975A4BC62B2B4A0D0090DD68 /* CurrencyModel.swift */; };
		975A4BC92B2B4A7B0090DD68 /* TopTradersModel.swift in Sources */ = {isa = PBXBuildFile; fileRef = 975A4BC82B2B4A7B0090DD68 /* TopTradersModel.swift */; };
/* End PBXBuildFile section */

/* Begin PBXFileReference section */
		9705281D2B2AFD7C0068AE18 /* SoftoriumTest.app */ = {isa = PBXFileReference; explicitFileType = wrapper.application; includeInIndex = 0; path = SoftoriumTest.app; sourceTree = BUILT_PRODUCTS_DIR; };
		970528202B2AFD7C0068AE18 /* SoftoriumTestApp.swift */ = {isa = PBXFileReference; lastKnownFileType = sourcecode.swift; path = SoftoriumTestApp.swift; sourceTree = "<group>"; };
		970528222B2AFD7C0068AE18 /* ContentView.swift */ = {isa = PBXFileReference; lastKnownFileType = sourcecode.swift; path = ContentView.swift; sourceTree = "<group>"; };
		970528242B2AFD7E0068AE18 /* Assets.xcassets */ = {isa = PBXFileReference; lastKnownFileType = folder.assetcatalog; path = Assets.xcassets; sourceTree = "<group>"; };
		970528272B2AFD7E0068AE18 /* Preview Assets.xcassets */ = {isa = PBXFileReference; lastKnownFileType = folder.assetcatalog; path = "Preview Assets.xcassets"; sourceTree = "<group>"; };
		970528302B2AFEAD0068AE18 /* LoaderView.swift */ = {isa = PBXFileReference; lastKnownFileType = sourcecode.swift; path = LoaderView.swift; sourceTree = "<group>"; };
		970528332B2B05FD0068AE18 /* ProgressBar.swift */ = {isa = PBXFileReference; lastKnownFileType = sourcecode.swift; path = ProgressBar.swift; sourceTree = "<group>"; };
		970528362B2B083E0068AE18 /* Color+extension.swift */ = {isa = PBXFileReference; lastKnownFileType = sourcecode.swift; path = "Color+extension.swift"; sourceTree = "<group>"; };
		9705283B2B2B0A770068AE18 /* Info.plist */ = {isa = PBXFileReference; lastKnownFileType = text.plist; path = Info.plist; sourceTree = "<group>"; };
		9705283C2B2B0AD40068AE18 /* Inter-Light.ttf */ = {isa = PBXFileReference; lastKnownFileType = file; path = "Inter-Light.ttf"; sourceTree = "<group>"; };
		9705283D2B2B0AD40068AE18 /* Inter-Bold.ttf */ = {isa = PBXFileReference; lastKnownFileType = file; path = "Inter-Bold.ttf"; sourceTree = "<group>"; };
		9705283E2B2B0AD40068AE18 /* Inter-Black.ttf */ = {isa = PBXFileReference; lastKnownFileType = file; path = "Inter-Black.ttf"; sourceTree = "<group>"; };
		9705283F2B2B0AD40068AE18 /* Inter-Thin.ttf */ = {isa = PBXFileReference; lastKnownFileType = file; path = "Inter-Thin.ttf"; sourceTree = "<group>"; };
		970528402B2B0AD40068AE18 /* Inter-Regular.ttf */ = {isa = PBXFileReference; lastKnownFileType = file; path = "Inter-Regular.ttf"; sourceTree = "<group>"; };
		970528412B2B0AD40068AE18 /* Inter-SemiBold.ttf */ = {isa = PBXFileReference; lastKnownFileType = file; path = "Inter-SemiBold.ttf"; sourceTree = "<group>"; };
		970528422B2B0AD50068AE18 /* Inter-ExtraBold.ttf */ = {isa = PBXFileReference; lastKnownFileType = file; path = "Inter-ExtraBold.ttf"; sourceTree = "<group>"; };
		970528432B2B0AD50068AE18 /* Inter-ExtraLight.ttf */ = {isa = PBXFileReference; lastKnownFileType = file; path = "Inter-ExtraLight.ttf"; sourceTree = "<group>"; };
		970528442B2B0AD50068AE18 /* Inter-Medium.ttf */ = {isa = PBXFileReference; lastKnownFileType = file; path = "Inter-Medium.ttf"; sourceTree = "<group>"; };
		9705284E2B2B0B840068AE18 /* Font+extension.swift */ = {isa = PBXFileReference; lastKnownFileType = sourcecode.swift; path = "Font+extension.swift"; sourceTree = "<group>"; };
		970528532B2B0D880068AE18 /* TradeView.swift */ = {isa = PBXFileReference; lastKnownFileType = sourcecode.swift; path = TradeView.swift; sourceTree = "<group>"; };
		970528562B2B0D970068AE18 /* TopView.swift */ = {isa = PBXFileReference; lastKnownFileType = sourcecode.swift; path = TopView.swift; sourceTree = "<group>"; };
		970528582B2B0EEE0068AE18 /* TopViewViewModel.swift */ = {isa = PBXFileReference; lastKnownFileType = sourcecode.swift; path = TopViewViewModel.swift; sourceTree = "<group>"; };
		9705285B2B2B227F0068AE18 /* WebView.swift */ = {isa = PBXFileReference; fileEncoding = 4; lastKnownFileType = sourcecode.swift; path = WebView.swift; sourceTree = "<group>"; };
		9705285D2B2B22890068AE18 /* WebViewController.swift */ = {isa = PBXFileReference; fileEncoding = 4; lastKnownFileType = sourcecode.swift; path = WebViewController.swift; sourceTree = "<group>"; };
		9705285F2B2B242C0068AE18 /* View+extension.swift */ = {isa = PBXFileReference; lastKnownFileType = sourcecode.swift; path = "View+extension.swift"; sourceTree = "<group>"; };
		970528612B2B26540068AE18 /* TradeViewViewModel.swift */ = {isa = PBXFileReference; lastKnownFileType = sourcecode.swift; path = TradeViewViewModel.swift; sourceTree = "<group>"; };
		970528632B2B27B90068AE18 /* TradeButtonStack.swift */ = {isa = PBXFileReference; lastKnownFileType = sourcecode.swift; path = TradeButtonStack.swift; sourceTree = "<group>"; };
		970528652B2B29310068AE18 /* TimerButton.swift */ = {isa = PBXFileReference; lastKnownFileType = sourcecode.swift; path = TimerButton.swift; sourceTree = "<group>"; };
		975A4BBC2B2B33680090DD68 /* InvestmentButton.swift */ = {isa = PBXFileReference; lastKnownFileType = sourcecode.swift; path = InvestmentButton.swift; sourceTree = "<group>"; };
		975A4BBE2B2B368F0090DD68 /* BuySellButton.swift */ = {isa = PBXFileReference; lastKnownFileType = sourcecode.swift; path = BuySellButton.swift; sourceTree = "<group>"; };
		975A4BC02B2B38990090DD68 /* CurrencyView.swift */ = {isa = PBXFileReference; lastKnownFileType = sourcecode.swift; path = CurrencyView.swift; sourceTree = "<group>"; };
		975A4BC32B2B3C5E0090DD68 /* CurrencyViewViewModel.swift */ = {isa = PBXFileReference; lastKnownFileType = sourcecode.swift; path = CurrencyViewViewModel.swift; sourceTree = "<group>"; };
		975A4BC62B2B4A0D0090DD68 /* CurrencyModel.swift */ = {isa = PBXFileReference; lastKnownFileType = sourcecode.swift; path = CurrencyModel.swift; sourceTree = "<group>"; };
		975A4BC82B2B4A7B0090DD68 /* TopTradersModel.swift */ = {isa = PBXFileReference; lastKnownFileType = sourcecode.swift; path = TopTradersModel.swift; sourceTree = "<group>"; };
/* End PBXFileReference section */

/* Begin PBXFrameworksBuildPhase section */
		9705281A2B2AFD7C0068AE18 /* Frameworks */ = {
			isa = PBXFrameworksBuildPhase;
			buildActionMask = 2147483647;
			files = (
			);
			runOnlyForDeploymentPostprocessing = 0;
		};
/* End PBXFrameworksBuildPhase section */

/* Begin PBXGroup section */
		970528142B2AFD7C0068AE18 = {
			isa = PBXGroup;
			children = (
				9705281F2B2AFD7C0068AE18 /* SoftoriumTest */,
				9705281E2B2AFD7C0068AE18 /* Products */,
			);
			sourceTree = "<group>";
		};
		9705281E2B2AFD7C0068AE18 /* Products */ = {
			isa = PBXGroup;
			children = (
				9705281D2B2AFD7C0068AE18 /* SoftoriumTest.app */,
			);
			name = Products;
			sourceTree = "<group>";
		};
		9705281F2B2AFD7C0068AE18 /* SoftoriumTest */ = {
			isa = PBXGroup;
			children = (
				9705283B2B2B0A770068AE18 /* Info.plist */,
				970528202B2AFD7C0068AE18 /* SoftoriumTestApp.swift */,
				970528302B2AFEAD0068AE18 /* LoaderView.swift */,
				970528222B2AFD7C0068AE18 /* ContentView.swift */,
				975A4BC52B2B49F10090DD68 /* Models */,
				9705285A2B2B225E0068AE18 /* WebView */,
				970528502B2B0D3D0068AE18 /* TradeModule */,
				970528522B2B0D750068AE18 /* TopModule */,
				970528322B2B05EB0068AE18 /* Helpers */,
				970528352B2B082C0068AE18 /* Extensions */,
				970528242B2AFD7E0068AE18 /* Assets.xcassets */,
				9705283A2B2B0A3E0068AE18 /* CustomFont */,
				970528262B2AFD7E0068AE18 /* Preview Content */,
			);
			path = SoftoriumTest;
			sourceTree = "<group>";
		};
		970528262B2AFD7E0068AE18 /* Preview Content */ = {
			isa = PBXGroup;
			children = (
				970528272B2AFD7E0068AE18 /* Preview Assets.xcassets */,
			);
			path = "Preview Content";
			sourceTree = "<group>";
		};
		970528322B2B05EB0068AE18 /* Helpers */ = {
			isa = PBXGroup;
			children = (
				970528332B2B05FD0068AE18 /* ProgressBar.swift */,
				970528652B2B29310068AE18 /* TimerButton.swift */,
				975A4BBC2B2B33680090DD68 /* InvestmentButton.swift */,
				975A4BBE2B2B368F0090DD68 /* BuySellButton.swift */,
			);
			path = Helpers;
			sourceTree = "<group>";
		};
		970528352B2B082C0068AE18 /* Extensions */ = {
			isa = PBXGroup;
			children = (
				970528362B2B083E0068AE18 /* Color+extension.swift */,
				9705284E2B2B0B840068AE18 /* Font+extension.swift */,
				9705285F2B2B242C0068AE18 /* View+extension.swift */,
			);
			path = Extensions;
			sourceTree = "<group>";
		};
		9705283A2B2B0A3E0068AE18 /* CustomFont */ = {
			isa = PBXGroup;
			children = (
				9705283E2B2B0AD40068AE18 /* Inter-Black.ttf */,
				9705283D2B2B0AD40068AE18 /* Inter-Bold.ttf */,
				970528422B2B0AD50068AE18 /* Inter-ExtraBold.ttf */,
				970528432B2B0AD50068AE18 /* Inter-ExtraLight.ttf */,
				9705283C2B2B0AD40068AE18 /* Inter-Light.ttf */,
				970528442B2B0AD50068AE18 /* Inter-Medium.ttf */,
				970528402B2B0AD40068AE18 /* Inter-Regular.ttf */,
				970528412B2B0AD40068AE18 /* Inter-SemiBold.ttf */,
				9705283F2B2B0AD40068AE18 /* Inter-Thin.ttf */,
			);
			path = CustomFont;
			sourceTree = "<group>";
		};
		970528502B2B0D3D0068AE18 /* TradeModule */ = {
			isa = PBXGroup;
			children = (
				970528532B2B0D880068AE18 /* TradeView.swift */,
				970528612B2B26540068AE18 /* TradeViewViewModel.swift */,
				970528632B2B27B90068AE18 /* TradeButtonStack.swift */,
				975A4BC22B2B3C4D0090DD68 /* CurrencyView */,
			);
			path = TradeModule;
			sourceTree = "<group>";
		};
		970528522B2B0D750068AE18 /* TopModule */ = {
			isa = PBXGroup;
			children = (
				970528562B2B0D970068AE18 /* TopView.swift */,
				970528582B2B0EEE0068AE18 /* TopViewViewModel.swift */,
			);
			name = TopModule;
			sourceTree = "<group>";
		};
		9705285A2B2B225E0068AE18 /* WebView */ = {
			isa = PBXGroup;
			children = (
				9705285B2B2B227F0068AE18 /* WebView.swift */,
				9705285D2B2B22890068AE18 /* WebViewController.swift */,
			);
			path = WebView;
			sourceTree = "<group>";
		};
		975A4BC22B2B3C4D0090DD68 /* CurrencyView */ = {
			isa = PBXGroup;
			children = (
				975A4BC02B2B38990090DD68 /* CurrencyView.swift */,
				975A4BC32B2B3C5E0090DD68 /* CurrencyViewViewModel.swift */,
			);
			path = CurrencyView;
			sourceTree = "<group>";
		};
		975A4BC52B2B49F10090DD68 /* Models */ = {
			isa = PBXGroup;
			children = (
				975A4BC62B2B4A0D0090DD68 /* CurrencyModel.swift */,
				975A4BC82B2B4A7B0090DD68 /* TopTradersModel.swift */,
			);
			path = Models;
			sourceTree = "<group>";
		};
/* End PBXGroup section */

/* Begin PBXNativeTarget section */
		9705281C2B2AFD7C0068AE18 /* SoftoriumTest */ = {
			isa = PBXNativeTarget;
			buildConfigurationList = 9705282B2B2AFD7E0068AE18 /* Build configuration list for PBXNativeTarget "SoftoriumTest" */;
			buildPhases = (
				970528192B2AFD7C0068AE18 /* Sources */,
				9705281A2B2AFD7C0068AE18 /* Frameworks */,
				9705281B2B2AFD7C0068AE18 /* Resources */,
			);
			buildRules = (
			);
			dependencies = (
			);
			name = SoftoriumTest;
			productName = SoftoriumTest;
			productReference = 9705281D2B2AFD7C0068AE18 /* SoftoriumTest.app */;
			productType = "com.apple.product-type.application";
		};
/* End PBXNativeTarget section */

/* Begin PBXProject section */
		970528152B2AFD7C0068AE18 /* Project object */ = {
			isa = PBXProject;
			attributes = {
				BuildIndependentTargetsInParallel = 1;
				LastSwiftUpdateCheck = 1430;
				LastUpgradeCheck = 1500;
				TargetAttributes = {
					9705281C2B2AFD7C0068AE18 = {
						CreatedOnToolsVersion = 14.3.1;
					};
				};
			};
			buildConfigurationList = 970528182B2AFD7C0068AE18 /* Build configuration list for PBXProject "SoftoriumTest" */;
			compatibilityVersion = "Xcode 14.0";
			developmentRegion = en;
			hasScannedForEncodings = 0;
			knownRegions = (
				en,
				Base,
			);
			mainGroup = 970528142B2AFD7C0068AE18;
			productRefGroup = 9705281E2B2AFD7C0068AE18 /* Products */;
			projectDirPath = "";
			projectRoot = "";
			targets = (
				9705281C2B2AFD7C0068AE18 /* SoftoriumTest */,
			);
		};
/* End PBXProject section */

/* Begin PBXResourcesBuildPhase section */
		9705281B2B2AFD7C0068AE18 /* Resources */ = {
			isa = PBXResourcesBuildPhase;
			buildActionMask = 2147483647;
			files = (
				970528282B2AFD7E0068AE18 /* Preview Assets.xcassets in Resources */,
				9705284C2B2B0AD50068AE18 /* Inter-ExtraLight.ttf in Resources */,
				970528452B2B0AD50068AE18 /* Inter-Light.ttf in Resources */,
				9705284B2B2B0AD50068AE18 /* Inter-ExtraBold.ttf in Resources */,
				970528482B2B0AD50068AE18 /* Inter-Thin.ttf in Resources */,
				970528472B2B0AD50068AE18 /* Inter-Black.ttf in Resources */,
				9705284A2B2B0AD50068AE18 /* Inter-SemiBold.ttf in Resources */,
				970528462B2B0AD50068AE18 /* Inter-Bold.ttf in Resources */,
				970528252B2AFD7E0068AE18 /* Assets.xcassets in Resources */,
				9705284D2B2B0AD50068AE18 /* Inter-Medium.ttf in Resources */,
				970528492B2B0AD50068AE18 /* Inter-Regular.ttf in Resources */,
			);
			runOnlyForDeploymentPostprocessing = 0;
		};
/* End PBXResourcesBuildPhase section */

/* Begin PBXSourcesBuildPhase section */
		970528192B2AFD7C0068AE18 /* Sources */ = {
			isa = PBXSourcesBuildPhase;
			buildActionMask = 2147483647;
			files = (
				970528662B2B29310068AE18 /* TimerButton.swift in Sources */,
				970528592B2B0EEE0068AE18 /* TopViewViewModel.swift in Sources */,
				975A4BBF2B2B368F0090DD68 /* BuySellButton.swift in Sources */,
				970528642B2B27B90068AE18 /* TradeButtonStack.swift in Sources */,
				975A4BC42B2B3C5E0090DD68 /* CurrencyViewViewModel.swift in Sources */,
				9705285E2B2B22890068AE18 /* WebViewController.swift in Sources */,
				9705285C2B2B227F0068AE18 /* WebView.swift in Sources */,
				970528232B2AFD7C0068AE18 /* ContentView.swift in Sources */,
				975A4BC12B2B38990090DD68 /* CurrencyView.swift in Sources */,
				970528542B2B0D880068AE18 /* TradeView.swift in Sources */,
				975A4BC72B2B4A0D0090DD68 /* CurrencyModel.swift in Sources */,
				970528212B2AFD7C0068AE18 /* SoftoriumTestApp.swift in Sources */,
				970528372B2B083E0068AE18 /* Color+extension.swift in Sources */,
				970528342B2B05FD0068AE18 /* ProgressBar.swift in Sources */,
				975A4BBD2B2B33680090DD68 /* InvestmentButton.swift in Sources */,
				970528622B2B26540068AE18 /* TradeViewViewModel.swift in Sources */,
				9705284F2B2B0B840068AE18 /* Font+extension.swift in Sources */,
				970528572B2B0D970068AE18 /* TopView.swift in Sources */,
				970528602B2B242C0068AE18 /* View+extension.swift in Sources */,
				975A4BC92B2B4A7B0090DD68 /* TopTradersModel.swift in Sources */,
				970528312B2AFEAD0068AE18 /* LoaderView.swift in Sources */,
			);
			runOnlyForDeploymentPostprocessing = 0;
		};
/* End PBXSourcesBuildPhase section */

/* Begin XCBuildConfiguration section */
		970528292B2AFD7E0068AE18 /* Debug */ = {
			isa = XCBuildConfiguration;
			buildSettings = {
				ALWAYS_SEARCH_USER_PATHS = NO;
				CLANG_ANALYZER_NONNULL = YES;
				CLANG_ANALYZER_NUMBER_OBJECT_CONVERSION = YES_AGGRESSIVE;
				CLANG_CXX_LANGUAGE_STANDARD = "gnu++20";
				CLANG_ENABLE_MODULES = YES;
				CLANG_ENABLE_OBJC_ARC = YES;
				CLANG_ENABLE_OBJC_WEAK = YES;
				CLANG_WARN_BLOCK_CAPTURE_AUTORELEASING = YES;
				CLANG_WARN_BOOL_CONVERSION = YES;
				CLANG_WARN_COMMA = YES;
				CLANG_WARN_CONSTANT_CONVERSION = YES;
				CLANG_WARN_DEPRECATED_OBJC_IMPLEMENTATIONS = YES;
				CLANG_WARN_DIRECT_OBJC_ISA_USAGE = YES_ERROR;
				CLANG_WARN_DOCUMENTATION_COMMENTS = YES;
				CLANG_WARN_EMPTY_BODY = YES;
				CLANG_WARN_ENUM_CONVERSION = YES;
				CLANG_WARN_INFINITE_RECURSION = YES;
				CLANG_WARN_INT_CONVERSION = YES;
				CLANG_WARN_NON_LITERAL_NULL_CONVERSION = YES;
				CLANG_WARN_OBJC_IMPLICIT_RETAIN_SELF = YES;
				CLANG_WARN_OBJC_LITERAL_CONVERSION = YES;
				CLANG_WARN_OBJC_ROOT_CLASS = YES_ERROR;
				CLANG_WARN_QUOTED_INCLUDE_IN_FRAMEWORK_HEADER = YES;
				CLANG_WARN_RANGE_LOOP_ANALYSIS = YES;
				CLANG_WARN_STRICT_PROTOTYPES = YES;
				CLANG_WARN_SUSPICIOUS_MOVE = YES;
				CLANG_WARN_UNGUARDED_AVAILABILITY = YES_AGGRESSIVE;
				CLANG_WARN_UNREACHABLE_CODE = YES;
				CLANG_WARN__DUPLICATE_METHOD_MATCH = YES;
				COPY_PHASE_STRIP = NO;
				DEBUG_INFORMATION_FORMAT = dwarf;
				ENABLE_STRICT_OBJC_MSGSEND = YES;
				ENABLE_TESTABILITY = YES;
				ENABLE_USER_SCRIPT_SANDBOXING = YES;
				GCC_C_LANGUAGE_STANDARD = gnu11;
				GCC_DYNAMIC_NO_PIC = NO;
				GCC_NO_COMMON_BLOCKS = YES;
				GCC_OPTIMIZATION_LEVEL = 0;
				GCC_PREPROCESSOR_DEFINITIONS = (
					"DEBUG=1",
					"$(inherited)",
				);
				GCC_WARN_64_TO_32_BIT_CONVERSION = YES;
				GCC_WARN_ABOUT_RETURN_TYPE = YES_ERROR;
				GCC_WARN_UNDECLARED_SELECTOR = YES;
				GCC_WARN_UNINITIALIZED_AUTOS = YES_AGGRESSIVE;
				GCC_WARN_UNUSED_FUNCTION = YES;
				GCC_WARN_UNUSED_VARIABLE = YES;
				IPHONEOS_DEPLOYMENT_TARGET = 16.4;
				MTL_ENABLE_DEBUG_INFO = INCLUDE_SOURCE;
				MTL_FAST_MATH = YES;
				ONLY_ACTIVE_ARCH = YES;
				SDKROOT = iphoneos;
				SWIFT_ACTIVE_COMPILATION_CONDITIONS = DEBUG;
				SWIFT_OPTIMIZATION_LEVEL = "-Onone";
			};
			name = Debug;
		};
		9705282A2B2AFD7E0068AE18 /* Release */ = {
			isa = XCBuildConfiguration;
			buildSettings = {
				ALWAYS_SEARCH_USER_PATHS = NO;
				CLANG_ANALYZER_NONNULL = YES;
				CLANG_ANALYZER_NUMBER_OBJECT_CONVERSION = YES_AGGRESSIVE;
				CLANG_CXX_LANGUAGE_STANDARD = "gnu++20";
				CLANG_ENABLE_MODULES = YES;
				CLANG_ENABLE_OBJC_ARC = YES;
				CLANG_ENABLE_OBJC_WEAK = YES;
				CLANG_WARN_BLOCK_CAPTURE_AUTORELEASING = YES;
				CLANG_WARN_BOOL_CONVERSION = YES;
				CLANG_WARN_COMMA = YES;
				CLANG_WARN_CONSTANT_CONVERSION = YES;
				CLANG_WARN_DEPRECATED_OBJC_IMPLEMENTATIONS = YES;
				CLANG_WARN_DIRECT_OBJC_ISA_USAGE = YES_ERROR;
				CLANG_WARN_DOCUMENTATION_COMMENTS = YES;
				CLANG_WARN_EMPTY_BODY = YES;
				CLANG_WARN_ENUM_CONVERSION = YES;
				CLANG_WARN_INFINITE_RECURSION = YES;
				CLANG_WARN_INT_CONVERSION = YES;
				CLANG_WARN_NON_LITERAL_NULL_CONVERSION = YES;
				CLANG_WARN_OBJC_IMPLICIT_RETAIN_SELF = YES;
				CLANG_WARN_OBJC_LITERAL_CONVERSION = YES;
				CLANG_WARN_OBJC_ROOT_CLASS = YES_ERROR;
				CLANG_WARN_QUOTED_INCLUDE_IN_FRAMEWORK_HEADER = YES;
				CLANG_WARN_RANGE_LOOP_ANALYSIS = YES;
				CLANG_WARN_STRICT_PROTOTYPES = YES;
				CLANG_WARN_SUSPICIOUS_MOVE = YES;
				CLANG_WARN_UNGUARDED_AVAILABILITY = YES_AGGRESSIVE;
				CLANG_WARN_UNREACHABLE_CODE = YES;
				CLANG_WARN__DUPLICATE_METHOD_MATCH = YES;
				COPY_PHASE_STRIP = NO;
				DEBUG_INFORMATION_FORMAT = "dwarf-with-dsym";
				ENABLE_NS_ASSERTIONS = NO;
				ENABLE_STRICT_OBJC_MSGSEND = YES;
				ENABLE_USER_SCRIPT_SANDBOXING = YES;
				GCC_C_LANGUAGE_STANDARD = gnu11;
				GCC_NO_COMMON_BLOCKS = YES;
				GCC_WARN_64_TO_32_BIT_CONVERSION = YES;
				GCC_WARN_ABOUT_RETURN_TYPE = YES_ERROR;
				GCC_WARN_UNDECLARED_SELECTOR = YES;
				GCC_WARN_UNINITIALIZED_AUTOS = YES_AGGRESSIVE;
				GCC_WARN_UNUSED_FUNCTION = YES;
				GCC_WARN_UNUSED_VARIABLE = YES;
				IPHONEOS_DEPLOYMENT_TARGET = 16.4;
				MTL_ENABLE_DEBUG_INFO = NO;
				MTL_FAST_MATH = YES;
				SDKROOT = iphoneos;
				SWIFT_COMPILATION_MODE = wholemodule;
				SWIFT_OPTIMIZATION_LEVEL = "-O";
				VALIDATE_PRODUCT = YES;
			};
			name = Release;
		};
		9705282C2B2AFD7E0068AE18 /* Debug */ = {
			isa = XCBuildConfiguration;
			buildSettings = {
				ASSETCATALOG_COMPILER_APPICON_NAME = AppIcon;
				ASSETCATALOG_COMPILER_GLOBAL_ACCENT_COLOR_NAME = AccentColor;
				CODE_SIGN_STYLE = Automatic;
				CURRENT_PROJECT_VERSION = 1;
				DEVELOPMENT_ASSET_PATHS = "\"SoftoriumTest/Preview Content\"";
				DEVELOPMENT_TEAM = 3FA65R7P49;
				ENABLE_PREVIEWS = YES;
				GENERATE_INFOPLIST_FILE = YES;
				INFOPLIST_FILE = SoftoriumTest/Info.plist;
				INFOPLIST_KEY_UIApplicationSceneManifest_Generation = YES;
				INFOPLIST_KEY_UIApplicationSupportsIndirectInputEvents = YES;
				INFOPLIST_KEY_UILaunchScreen_Generation = YES;
				INFOPLIST_KEY_UISupportedInterfaceOrientations_iPad = "UIInterfaceOrientationPortrait UIInterfaceOrientationPortraitUpsideDown UIInterfaceOrientationLandscapeLeft UIInterfaceOrientationLandscapeRight";
				INFOPLIST_KEY_UISupportedInterfaceOrientations_iPhone = "UIInterfaceOrientationPortrait UIInterfaceOrientationLandscapeLeft UIInterfaceOrientationLandscapeRight";
				IPHONEOS_DEPLOYMENT_TARGET = 14.0;
				LD_RUNPATH_SEARCH_PATHS = (
					"$(inherited)",
					"@executable_path/Frameworks",
				);
				MARKETING_VERSION = 1.0;
				PRODUCT_BUNDLE_IDENTIFIER = com.elppa.SoftoriumTest;
				PRODUCT_NAME = "$(TARGET_NAME)";
				SWIFT_EMIT_LOC_STRINGS = YES;
				SWIFT_VERSION = 5.0;
				TARGETED_DEVICE_FAMILY = "1,2";
			};
			name = Debug;
		};
		9705282D2B2AFD7E0068AE18 /* Release */ = {
			isa = XCBuildConfiguration;
			buildSettings = {
				ASSETCATALOG_COMPILER_APPICON_NAME = AppIcon;
				ASSETCATALOG_COMPILER_GLOBAL_ACCENT_COLOR_NAME = AccentColor;
				CODE_SIGN_STYLE = Automatic;
				CURRENT_PROJECT_VERSION = 1;
				DEVELOPMENT_ASSET_PATHS = "\"SoftoriumTest/Preview Content\"";
				DEVELOPMENT_TEAM = 3FA65R7P49;
				ENABLE_PREVIEWS = YES;
				GENERATE_INFOPLIST_FILE = YES;
				INFOPLIST_FILE = SoftoriumTest/Info.plist;
				INFOPLIST_KEY_UIApplicationSceneManifest_Generation = YES;
				INFOPLIST_KEY_UIApplicationSupportsIndirectInputEvents = YES;
				INFOPLIST_KEY_UILaunchScreen_Generation = YES;
				INFOPLIST_KEY_UISupportedInterfaceOrientations_iPad = "UIInterfaceOrientationPortrait UIInterfaceOrientationPortraitUpsideDown UIInterfaceOrientationLandscapeLeft UIInterfaceOrientationLandscapeRight";
				INFOPLIST_KEY_UISupportedInterfaceOrientations_iPhone = "UIInterfaceOrientationPortrait UIInterfaceOrientationLandscapeLeft UIInterfaceOrientationLandscapeRight";
				IPHONEOS_DEPLOYMENT_TARGET = 14.0;
				LD_RUNPATH_SEARCH_PATHS = (
					"$(inherited)",
					"@executable_path/Frameworks",
				);
				MARKETING_VERSION = 1.0;
				PRODUCT_BUNDLE_IDENTIFIER = com.elppa.SoftoriumTest;
				PRODUCT_NAME = "$(TARGET_NAME)";
				SWIFT_EMIT_LOC_STRINGS = YES;
				SWIFT_VERSION = 5.0;
				TARGETED_DEVICE_FAMILY = "1,2";
			};
			name = Release;
		};
/* End XCBuildConfiguration section */

/* Begin XCConfigurationList section */
		970528182B2AFD7C0068AE18 /* Build configuration list for PBXProject "SoftoriumTest" */ = {
			isa = XCConfigurationList;
			buildConfigurations = (
				970528292B2AFD7E0068AE18 /* Debug */,
				9705282A2B2AFD7E0068AE18 /* Release */,
			);
			defaultConfigurationIsVisible = 0;
			defaultConfigurationName = Release;
		};
		9705282B2B2AFD7E0068AE18 /* Build configuration list for PBXNativeTarget "SoftoriumTest" */ = {
			isa = XCConfigurationList;
			buildConfigurations = (
				9705282C2B2AFD7E0068AE18 /* Debug */,
				9705282D2B2AFD7E0068AE18 /* Release */,
			);
			defaultConfigurationIsVisible = 0;
			defaultConfigurationName = Release;
		};
/* End XCConfigurationList section */
	};
	rootObject = 970528152B2AFD7C0068AE18 /* Project object */;
}
